// !$*UTF8*$!
{
	archiveVersion = 1;
	classes = {
	};
	objectVersion = 46;
	objects = {

/* Begin PBXBuildFile section */
		D44994691D7952BC00D17BAD /* AppModel.m in Sources */ = {isa = PBXBuildFile; fileRef = D44994681D7952BC00D17BAD /* AppModel.m */; };
		D449946B1D79536100D17BAD /* apps.plist in Resources */ = {isa = PBXBuildFile; fileRef = D449946A1D79536100D17BAD /* apps.plist */; };
		D44994731D804ED900D17BAD /* placeholder.JPG in Resources */ = {isa = PBXBuildFile; fileRef = D44994721D804ED900D17BAD /* placeholder.JPG */; };
		D4E1F6B41D794FCE00B5206A /* main.m in Sources */ = {isa = PBXBuildFile; fileRef = D4E1F6B31D794FCE00B5206A /* main.m */; };
		D4E1F6B71D794FCE00B5206A /* AppDelegate.m in Sources */ = {isa = PBXBuildFile; fileRef = D4E1F6B61D794FCE00B5206A /* AppDelegate.m */; };
		D4E1F6BD1D794FCE00B5206A /* Main.storyboard in Resources */ = {isa = PBXBuildFile; fileRef = D4E1F6BB1D794FCE00B5206A /* Main.storyboard */; };
		D4E1F6BF1D794FCE00B5206A /* Assets.xcassets in Resources */ = {isa = PBXBuildFile; fileRef = D4E1F6BE1D794FCE00B5206A /* Assets.xcassets */; };
		D4E1F6C21D794FCE00B5206A /* LaunchScreen.storyboard in Resources */ = {isa = PBXBuildFile; fileRef = D4E1F6C01D794FCE00B5206A /* LaunchScreen.storyboard */; };
		D4E1F6CD1D794FCE00B5206A /* DownloadTests.m in Sources */ = {isa = PBXBuildFile; fileRef = D4E1F6CC1D794FCE00B5206A /* DownloadTests.m */; };
		D4E1F6D81D794FCE00B5206A /* DownloadUITests.m in Sources */ = {isa = PBXBuildFile; fileRef = D4E1F6D71D794FCE00B5206A /* DownloadUITests.m */; };
		D4E1F6E71D79502900B5206A /* NetTableViewController.m in Sources */ = {isa = PBXBuildFile; fileRef = D4E1F6E61D79502900B5206A /* NetTableViewController.m */; };
/* End PBXBuildFile section */

/* Begin PBXContainerItemProxy section */
		D4E1F6C91D794FCE00B5206A /* PBXContainerItemProxy */ = {
			isa = PBXContainerItemProxy;
			containerPortal = D4E1F6A71D794FCE00B5206A /* Project object */;
			proxyType = 1;
			remoteGlobalIDString = D4E1F6AE1D794FCE00B5206A;
			remoteInfo = Download;
		};
		D4E1F6D41D794FCE00B5206A /* PBXContainerItemProxy */ = {
			isa = PBXContainerItemProxy;
			containerPortal = D4E1F6A71D794FCE00B5206A /* Project object */;
			proxyType = 1;
			remoteGlobalIDString = D4E1F6AE1D794FCE00B5206A;
			remoteInfo = Download;
		};
/* End PBXContainerItemProxy section */

/* Begin PBXFileReference section */
		D44994671D7952BC00D17BAD /* AppModel.h */ = {isa = PBXFileReference; fileEncoding = 4; lastKnownFileType = sourcecode.c.h; path = AppModel.h; sourceTree = "<group>"; };
		D44994681D7952BC00D17BAD /* AppModel.m */ = {isa = PBXFileReference; fileEncoding = 4; lastKnownFileType = sourcecode.c.objc; path = AppModel.m; sourceTree = "<group>"; };
		D449946A1D79536100D17BAD /* apps.plist */ = {isa = PBXFileReference; fileEncoding = 4; lastKnownFileType = text.plist.xml; path = apps.plist; sourceTree = "<group>"; };
		D44994721D804ED900D17BAD /* placeholder.JPG */ = {isa = PBXFileReference; lastKnownFileType = image.jpeg; path = placeholder.JPG; sourceTree = "<group>"; };
		D4E1F6AF1D794FCE00B5206A /* Download.app */ = {isa = PBXFileReference; explicitFileType = wrapper.application; includeInIndex = 0; path = Download.app; sourceTree = BUILT_PRODUCTS_DIR; };
		D4E1F6B31D794FCE00B5206A /* main.m */ = {isa = PBXFileReference; lastKnownFileType = sourcecode.c.objc; path = main.m; sourceTree = "<group>"; };
		D4E1F6B51D794FCE00B5206A /* AppDelegate.h */ = {isa = PBXFileReference; lastKnownFileType = sourcecode.c.h; path = AppDelegate.h; sourceTree = "<group>"; };
		D4E1F6B61D794FCE00B5206A /* AppDelegate.m */ = {isa = PBXFileReference; lastKnownFileType = sourcecode.c.objc; path = AppDelegate.m; sourceTree = "<group>"; };
		D4E1F6BC1D794FCE00B5206A /* Base */ = {isa = PBXFileReference; lastKnownFileType = file.storyboard; name = Base; path = Base.lproj/Main.storyboard; sourceTree = "<group>"; };
		D4E1F6BE1D794FCE00B5206A /* Assets.xcassets */ = {isa = PBXFileReference; lastKnownFileType = folder.assetcatalog; path = Assets.xcassets; sourceTree = "<group>"; };
		D4E1F6C11D794FCE00B5206A /* Base */ = {isa = PBXFileReference; lastKnownFileType = file.storyboard; name = Base; path = Base.lproj/LaunchScreen.storyboard; sourceTree = "<group>"; };
		D4E1F6C31D794FCE00B5206A /* Info.plist */ = {isa = PBXFileReference; lastKnownFileType = text.plist.xml; path = Info.plist; sourceTree = "<group>"; };
		D4E1F6C81D794FCE00B5206A /* DownloadTests.xctest */ = {isa = PBXFileReference; explicitFileType = wrapper.cfbundle; includeInIndex = 0; path = DownloadTests.xctest; sourceTree = BUILT_PRODUCTS_DIR; };
		D4E1F6CC1D794FCE00B5206A /* DownloadTests.m */ = {isa = PBXFileReference; lastKnownFileType = sourcecode.c.objc; path = DownloadTests.m; sourceTree = "<group>"; };
		D4E1F6CE1D794FCE00B5206A /* Info.plist */ = {isa = PBXFileReference; lastKnownFileType = text.plist.xml; path = Info.plist; sourceTree = "<group>"; };
		D4E1F6D31D794FCE00B5206A /* DownloadUITests.xctest */ = {isa = PBXFileReference; explicitFileType = wrapper.cfbundle; includeInIndex = 0; path = DownloadUITests.xctest; sourceTree = BUILT_PRODUCTS_DIR; };
		D4E1F6D71D794FCE00B5206A /* DownloadUITests.m */ = {isa = PBXFileReference; lastKnownFileType = sourcecode.c.objc; path = DownloadUITests.m; sourceTree = "<group>"; };
		D4E1F6D91D794FCE00B5206A /* Info.plist */ = {isa = PBXFileReference; lastKnownFileType = text.plist.xml; path = Info.plist; sourceTree = "<group>"; };
		D4E1F6E51D79502900B5206A /* NetTableViewController.h */ = {isa = PBXFileReference; fileEncoding = 4; lastKnownFileType = sourcecode.c.h; path = NetTableViewController.h; sourceTree = "<group>"; };
		D4E1F6E61D79502900B5206A /* NetTableViewController.m */ = {isa = PBXFileReference; fileEncoding = 4; lastKnownFileType = sourcecode.c.objc; path = NetTableViewController.m; sourceTree = "<group>"; };
/* End PBXFileReference section */

/* Begin PBXFrameworksBuildPhase section */
		D4E1F6AC1D794FCE00B5206A /* Frameworks */ = {
			isa = PBXFrameworksBuildPhase;
			buildActionMask = 2147483647;
			files = (
			);
			runOnlyForDeploymentPostprocessing = 0;
		};
		D4E1F6C51D794FCE00B5206A /* Frameworks */ = {
			isa = PBXFrameworksBuildPhase;
			buildActionMask = 2147483647;
			files = (
			);
			runOnlyForDeploymentPostprocessing = 0;
		};
		D4E1F6D01D794FCE00B5206A /* Frameworks */ = {
			isa = PBXFrameworksBuildPhase;
			buildActionMask = 2147483647;
			files = (
			);
			runOnlyForDeploymentPostprocessing = 0;
		};
/* End PBXFrameworksBuildPhase section */

/* Begin PBXGroup section */
		D4E1F6A61D794FCE00B5206A = {
			isa = PBXGroup;
			children = (
				D4E1F6B11D794FCE00B5206A /* Download */,
				D4E1F6CB1D794FCE00B5206A /* DownloadTests */,
				D4E1F6D61D794FCE00B5206A /* DownloadUITests */,
				D4E1F6B01D794FCE00B5206A /* Products */,
			);
			sourceTree = "<group>";
		};
		D4E1F6B01D794FCE00B5206A /* Products */ = {
			isa = PBXGroup;
			children = (
				D4E1F6AF1D794FCE00B5206A /* Download.app */,
				D4E1F6C81D794FCE00B5206A /* DownloadTests.xctest */,
				D4E1F6D31D794FCE00B5206A /* DownloadUITests.xctest */,
			);
			name = Products;
			sourceTree = "<group>";
		};
		D4E1F6B11D794FCE00B5206A /* Download */ = {
			isa = PBXGroup;
			children = (
				D449946A1D79536100D17BAD /* apps.plist */,
				D44994721D804ED900D17BAD /* placeholder.JPG */,
				D4E1F6B51D794FCE00B5206A /* AppDelegate.h */,
				D4E1F6B61D794FCE00B5206A /* AppDelegate.m */,
				D4E1F6BB1D794FCE00B5206A /* Main.storyboard */,
				D4E1F6E51D79502900B5206A /* NetTableViewController.h */,
				D4E1F6E61D79502900B5206A /* NetTableViewController.m */,
				D44994671D7952BC00D17BAD /* AppModel.h */,
				D44994681D7952BC00D17BAD /* AppModel.m */,
				D4E1F6BE1D794FCE00B5206A /* Assets.xcassets */,
				D4E1F6C01D794FCE00B5206A /* LaunchScreen.storyboard */,
				D4E1F6C31D794FCE00B5206A /* Info.plist */,
				D4E1F6B21D794FCE00B5206A /* Supporting Files */,
			);
			path = Download;
			sourceTree = "<group>";
		};
		D4E1F6B21D794FCE00B5206A /* Supporting Files */ = {
			isa = PBXGroup;
			children = (
				D4E1F6B31D794FCE00B5206A /* main.m */,
			);
			name = "Supporting Files";
			sourceTree = "<group>";
		};
		D4E1F6CB1D794FCE00B5206A /* DownloadTests */ = {
			isa = PBXGroup;
			children = (
				D4E1F6CC1D794FCE00B5206A /* DownloadTests.m */,
				D4E1F6CE1D794FCE00B5206A /* Info.plist */,
			);
			path = DownloadTests;
			sourceTree = "<group>";
		};
		D4E1F6D61D794FCE00B5206A /* DownloadUITests */ = {
			isa = PBXGroup;
			children = (
				D4E1F6D71D794FCE00B5206A /* DownloadUITests.m */,
				D4E1F6D91D794FCE00B5206A /* Info.plist */,
			);
			path = DownloadUITests;
			sourceTree = "<group>";
		};
/* End PBXGroup section */

/* Begin PBXNativeTarget section */
		D4E1F6AE1D794FCE00B5206A /* Download */ = {
			isa = PBXNativeTarget;
			buildConfigurationList = D4E1F6DC1D794FCE00B5206A /* Build configuration list for PBXNativeTarget "Download" */;
			buildPhases = (
				D4E1F6AB1D794FCE00B5206A /* Sources */,
				D4E1F6AC1D794FCE00B5206A /* Frameworks */,
				D4E1F6AD1D794FCE00B5206A /* Resources */,
			);
			buildRules = (
			);
			dependencies = (
			);
			name = Download;
			productName = Download;
			productReference = D4E1F6AF1D794FCE00B5206A /* Download.app */;
			productType = "com.apple.product-type.application";
		};
		D4E1F6C71D794FCE00B5206A /* DownloadTests */ = {
			isa = PBXNativeTarget;
			buildConfigurationList = D4E1F6DF1D794FCE00B5206A /* Build configuration list for PBXNativeTarget "DownloadTests" */;
			buildPhases = (
				D4E1F6C41D794FCE00B5206A /* Sources */,
				D4E1F6C51D794FCE00B5206A /* Frameworks */,
				D4E1F6C61D794FCE00B5206A /* Resources */,
			);
			buildRules = (
			);
			dependencies = (
				D4E1F6CA1D794FCE00B5206A /* PBXTargetDependency */,
			);
			name = DownloadTests;
			productName = DownloadTests;
			productReference = D4E1F6C81D794FCE00B5206A /* DownloadTests.xctest */;
			productType = "com.apple.product-type.bundle.unit-test";
		};
		D4E1F6D21D794FCE00B5206A /* DownloadUITests */ = {
			isa = PBXNativeTarget;
			buildConfigurationList = D4E1F6E21D794FCE00B5206A /* Build configuration list for PBXNativeTarget "DownloadUITests" */;
			buildPhases = (
				D4E1F6CF1D794FCE00B5206A /* Sources */,
				D4E1F6D01D794FCE00B5206A /* Frameworks */,
				D4E1F6D11D794FCE00B5206A /* Resources */,
			);
			buildRules = (
			);
			dependencies = (
				D4E1F6D51D794FCE00B5206A /* PBXTargetDependency */,
			);
			name = DownloadUITests;
			productName = DownloadUITests;
			productReference = D4E1F6D31D794FCE00B5206A /* DownloadUITests.xctest */;
			productType = "com.apple.product-type.bundle.ui-testing";
		};
/* End PBXNativeTarget section */

/* Begin PBXProject section */
		D4E1F6A71D794FCE00B5206A /* Project object */ = {
			isa = PBXProject;
			attributes = {
				LastUpgradeCheck = 0730;
				ORGANIZATIONNAME = "李浩";
				TargetAttributes = {
					D4E1F6AE1D794FCE00B5206A = {
						CreatedOnToolsVersion = 7.3.1;
						DevelopmentTeam = H6L26YKK9Q;
					};
					D4E1F6C71D794FCE00B5206A = {
						CreatedOnToolsVersion = 7.3.1;
						DevelopmentTeam = H6L26YKK9Q;
						TestTargetID = D4E1F6AE1D794FCE00B5206A;
					};
					D4E1F6D21D794FCE00B5206A = {
						CreatedOnToolsVersion = 7.3.1;
						DevelopmentTeam = H6L26YKK9Q;
						TestTargetID = D4E1F6AE1D794FCE00B5206A;
					};
				};
			};
			buildConfigurationList = D4E1F6AA1D794FCE00B5206A /* Build configuration list for PBXProject "Download" */;
			compatibilityVersion = "Xcode 3.2";
			developmentRegion = English;
			hasScannedForEncodings = 0;
			knownRegions = (
				en,
				Base,
			);
			mainGroup = D4E1F6A61D794FCE00B5206A;
			productRefGroup = D4E1F6B01D794FCE00B5206A /* Products */;
			projectDirPath = "";
			projectRoot = "";
			targets = (
				D4E1F6AE1D794FCE00B5206A /* Download */,
				D4E1F6C71D794FCE00B5206A /* DownloadTests */,
				D4E1F6D21D794FCE00B5206A /* DownloadUITests */,
			);
		};
/* End PBXProject section */

/* Begin PBXResourcesBuildPhase section */
		D4E1F6AD1D794FCE00B5206A /* Resources */ = {
			isa = PBXResourcesBuildPhase;
			buildActionMask = 2147483647;
			files = (
				D449946B1D79536100D17BAD /* apps.plist in Resources */,
				D4E1F6C21D794FCE00B5206A /* LaunchScreen.storyboard in Resources */,
				D4E1F6BF1D794FCE00B5206A /* Assets.xcassets in Resources */,
				D44994731D804ED900D17BAD /* placeholder.JPG in Resources */,
				D4E1F6BD1D794FCE00B5206A /* Main.storyboard in Resources */,
			);
			runOnlyForDeploymentPostprocessing = 0;
		};
		D4E1F6C61D794FCE00B5206A /* Resources */ = {
			isa = PBXResourcesBuildPhase;
			buildActionMask = 2147483647;
			files = (
			);
			runOnlyForDeploymentPostprocessing = 0;
		};
		D4E1F6D11D794FCE00B5206A /* Resources */ = {
			isa = PBXResourcesBuildPhase;
			buildActionMask = 2147483647;
			files = (
			);
			runOnlyForDeploymentPostprocessing = 0;
		};
/* End PBXResourcesBuildPhase section */

/* Begin PBXSourcesBuildPhase section */
		D4E1F6AB1D794FCE00B5206A /* Sources */ = {
			isa = PBXSourcesBuildPhase;
			buildActionMask = 2147483647;
			files = (
				D4E1F6E71D79502900B5206A /* NetTableViewController.m in Sources */,
				D4E1F6B71D794FCE00B5206A /* AppDelegate.m in Sources */,
				D4E1F6B41D794FCE00B5206A /* main.m in Sources */,
				D44994691D7952BC00D17BAD /* AppModel.m in Sources */,
			);
			runOnlyForDeploymentPostprocessing = 0;
		};
		D4E1F6C41D794FCE00B5206A /* Sources */ = {
			isa = PBXSourcesBuildPhase;
			buildActionMask = 2147483647;
			files = (
				D4E1F6CD1D794FCE00B5206A /* DownloadTests.m in Sources */,
			);
			runOnlyForDeploymentPostprocessing = 0;
		};
		D4E1F6CF1D794FCE00B5206A /* Sources */ = {
			isa = PBXSourcesBuildPhase;
			buildActionMask = 2147483647;
			files = (
				D4E1F6D81D794FCE00B5206A /* DownloadUITests.m in Sources */,
			);
			runOnlyForDeploymentPostprocessing = 0;
		};
/* End PBXSourcesBuildPhase section */

/* Begin PBXTargetDependency section */
		D4E1F6CA1D794FCE00B5206A /* PBXTargetDependency */ = {
			isa = PBXTargetDependency;
			target = D4E1F6AE1D794FCE00B5206A /* Download */;
			targetProxy = D4E1F6C91D794FCE00B5206A /* PBXContainerItemProxy */;
		};
		D4E1F6D51D794FCE00B5206A /* PBXTargetDependency */ = {
			isa = PBXTargetDependency;
			target = D4E1F6AE1D794FCE00B5206A /* Download */;
			targetProxy = D4E1F6D41D794FCE00B5206A /* PBXContainerItemProxy */;
		};
/* End PBXTargetDependency section */

/* Begin PBXVariantGroup section */
		D4E1F6BB1D794FCE00B5206A /* Main.storyboard */ = {
			isa = PBXVariantGroup;
			children = (
				D4E1F6BC1D794FCE00B5206A /* Base */,
			);
			name = Main.storyboard;
			sourceTree = "<group>";
		};
		D4E1F6C01D794FCE00B5206A /* LaunchScreen.storyboard */ = {
			isa = PBXVariantGroup;
			children = (
				D4E1F6C11D794FCE00B5206A /* Base */,
			);
			name = LaunchScreen.storyboard;
			sourceTree = "<group>";
		};
/* End PBXVariantGroup section */

/* Begin XCBuildConfiguration section */
		D4E1F6DA1D794FCE00B5206A /* Debug */ = {
			isa = XCBuildConfiguration;
			buildSettings = {
				ALWAYS_SEARCH_USER_PATHS = NO;
				CLANG_ANALYZER_NONNULL = YES;
				CLANG_CXX_LANGUAGE_STANDARD = "gnu++0x";
				CLANG_CXX_LIBRARY = "libc++";
				CLANG_ENABLE_MODULES = YES;
				CLANG_ENABLE_OBJC_ARC = YES;
				CLANG_WARN_BOOL_CONVERSION = YES;
				CLANG_WARN_CONSTANT_CONVERSION = YES;
				CLANG_WARN_DIRECT_OBJC_ISA_USAGE = YES_ERROR;
				CLANG_WARN_EMPTY_BODY = YES;
				CLANG_WARN_ENUM_CONVERSION = YES;
				CLANG_WARN_INT_CONVERSION = YES;
				CLANG_WARN_OBJC_ROOT_CLASS = YES_ERROR;
				CLANG_WARN_UNREACHABLE_CODE = YES;
				CLANG_WARN__DUPLICATE_METHOD_MATCH = YES;
				"CODE_SIGN_IDENTITY[sdk=iphoneos*]" = "iPhone Developer";
				COPY_PHASE_STRIP = NO;
				DEBUG_INFORMATION_FORMAT = dwarf;
				ENABLE_STRICT_OBJC_MSGSEND = YES;
				ENABLE_TESTABILITY = YES;
				GCC_C_LANGUAGE_STANDARD = gnu99;
				GCC_DYNAMIC_NO_PIC = NO;
				GCC_NO_COMMON_BLOCKS = YES;
				GCC_OPTIMIZATION_LEVEL = 0;
				GCC_PREPROCESSOR_DEFINITIONS = (
					"DEBUG=1",
					"$(inherited)",
				);
				GCC_WARN_64_TO_32_BIT_CONVERSION = YES;
				GCC_WARN_ABOUT_RETURN_TYPE = YES_ERROR;
				GCC_WARN_UNDECLARED_SELECTOR = YES;
				GCC_WARN_UNINITIALIZED_AUTOS = YES_AGGRESSIVE;
				GCC_WARN_UNUSED_FUNCTION = YES;
				GCC_WARN_UNUSED_VARIABLE = YES;
				IPHONEOS_DEPLOYMENT_TARGET = 9.3;
				MTL_ENABLE_DEBUG_INFO = YES;
				ONLY_ACTIVE_ARCH = YES;
				SDKROOT = iphoneos;
			};
			name = Debug;
		};
		D4E1F6DB1D794FCE00B5206A /* Release */ = {
			isa = XCBuildConfiguration;
			buildSettings = {
				ALWAYS_SEARCH_USER_PATHS = NO;
				CLANG_ANALYZER_NONNULL = YES;
				CLANG_CXX_LANGUAGE_STANDARD = "gnu++0x";
				CLANG_CXX_LIBRARY = "libc++";
				CLANG_ENABLE_MODULES = YES;
				CLANG_ENABLE_OBJC_ARC = YES;
				CLANG_WARN_BOOL_CONVERSION = YES;
				CLANG_WARN_CONSTANT_CONVERSION = YES;
				CLANG_WARN_DIRECT_OBJC_ISA_USAGE = YES_ERROR;
				CLANG_WARN_EMPTY_BODY = YES;
				CLANG_WARN_ENUM_CONVERSION = YES;
				CLANG_WARN_INT_CONVERSION = YES;
				CLANG_WARN_OBJC_ROOT_CLASS = YES_ERROR;
				CLANG_WARN_UNREACHABLE_CODE = YES;
				CLANG_WARN__DUPLICATE_METHOD_MATCH = YES;
				"CODE_SIGN_IDENTITY[sdk=iphoneos*]" = "iPhone Developer";
				COPY_PHASE_STRIP = NO;
				DEBUG_INFORMATION_FORMAT = "dwarf-with-dsym";
				ENABLE_NS_ASSERTIONS = NO;
				ENABLE_STRICT_OBJC_MSGSEND = YES;
				GCC_C_LANGUAGE_STANDARD = gnu99;
				GCC_NO_COMMON_BLOCKS = YES;
				GCC_WARN_64_TO_32_BIT_CONVERSION = YES;
				GCC_WARN_ABOUT_RETURN_TYPE = YES_ERROR;
				GCC_WARN_UNDECLARED_SELECTOR = YES;
				GCC_WARN_UNINITIALIZED_AUTOS = YES_AGGRESSIVE;
				GCC_WARN_UNUSED_FUNCTION = YES;
				GCC_WARN_UNUSED_VARIABLE = YES;
				IPHONEOS_DEPLOYMENT_TARGET = 9.3;
				MTL_ENABLE_DEBUG_INFO = NO;
				SDKROOT = iphoneos;
				VALIDATE_PRODUCT = YES;
			};
			name = Release;
		};
		D4E1F6DD1D794FCE00B5206A /* Debug */ = {
			isa = XCBuildConfiguration;
			buildSettings = {
				ASSETCATALOG_COMPILER_APPICON_NAME = AppIcon;
				INFOPLIST_FILE = Download/Info.plist;
				LD_RUNPATH_SEARCH_PATHS = "$(inherited) @executable_path/Frameworks";
				PRODUCT_BUNDLE_IDENTIFIER = LeeHow.Download;
				PRODUCT_NAME = "$(TARGET_NAME)";
			};
			name = Debug;
		};
		D4E1F6DE1D794FCE00B5206A /* Release */ = {
			isa = XCBuildConfiguration;
			buildSettings = {
				ASSETCATALOG_COMPILER_APPICON_NAME = AppIcon;
				INFOPLIST_FILE = Download/Info.plist;
				LD_RUNPATH_SEARCH_PATHS = "$(inherited) @executable_path/Frameworks";
				PRODUCT_BUNDLE_IDENTIFIER = LeeHow.Download;
				PRODUCT_NAME = "$(TARGET_NAME)";
			};
			name = Release;
		};
		D4E1F6E01D794FCE00B5206A /* Debug */ = {
			isa = XCBuildConfiguration;
			buildSettings = {
				BUNDLE_LOADER = "$(TEST_HOST)";
				INFOPLIST_FILE = DownloadTests/Info.plist;
				LD_RUNPATH_SEARCH_PATHS = "$(inherited) @executable_path/Frameworks @loader_path/Frameworks";
				PRODUCT_BUNDLE_IDENTIFIER = LeeHow.DownloadTests;
				PRODUCT_NAME = "$(TARGET_NAME)";
				TEST_HOST = "$(BUILT_PRODUCTS_DIR)/Download.app/Download";
			};
			name = Debug;
		};
		D4E1F6E11D794FCE00B5206A /* Release */ = {
			isa = XCBuildConfiguration;
			buildSettings = {
				BUNDLE_LOADER = "$(TEST_HOST)";
				INFOPLIST_FILE = DownloadTests/Info.plist;
				LD_RUNPATH_SEARCH_PATHS = "$(inherited) @executable_path/Frameworks @loader_path/Frameworks";
				PRODUCT_BUNDLE_IDENTIFIER = LeeHow.DownloadTests;
				PRODUCT_NAME = "$(TARGET_NAME)";
				TEST_HOST = "$(BUILT_PRODUCTS_DIR)/Download.app/Download";
			};
			name = Release;
		};
		D4E1F6E31D794FCE00B5206A /* Debug */ = {
			isa = XCBuildConfiguration;
			buildSettings = {
				INFOPLIST_FILE = DownloadUITests/Info.plist;
				LD_RUNPATH_SEARCH_PATHS = "$(inherited) @executable_path/Frameworks @loader_path/Frameworks";
				PRODUCT_BUNDLE_IDENTIFIER = LeeHow.DownloadUITests;
				PRODUCT_NAME = "$(TARGET_NAME)";
				TEST_TARGET_NAME = Download;
			};
			name = Debug;
		};
		D4E1F6E41D794FCE00B5206A /* Release */ = {
			isa = XCBuildConfiguration;
			buildSettings = {
				INFOPLIST_FILE = DownloadUITests/Info.plist;
				LD_RUNPATH_SEARCH_PATHS = "$(inherited) @executable_path/Frameworks @loader_path/Frameworks";
				PRODUCT_BUNDLE_IDENTIFIER = LeeHow.DownloadUITests;
				PRODUCT_NAME = "$(TARGET_NAME)";
				TEST_TARGET_NAME = Download;
			};
			name = Release;
		};
/* End XCBuildConfiguration section */

/* Begin XCConfigurationList section */
		D4E1F6AA1D794FCE00B5206A /* Build configuration list for PBXProject "Download" */ = {
			isa = XCConfigurationList;
			buildConfigurations = (
				D4E1F6DA1D794FCE00B5206A /* Debug */,
				D4E1F6DB1D794FCE00B5206A /* Release */,
			);
			defaultConfigurationIsVisible = 0;
			defaultConfigurationName = Release;
		};
		D4E1F6DC1D794FCE00B5206A /* Build configuration list for PBXNativeTarget "Download" */ = {
			isa = XCConfigurationList;
			buildConfigurations = (
				D4E1F6DD1D794FCE00B5206A /* Debug */,
				D4E1F6DE1D794FCE00B5206A /* Release */,
			);
			defaultConfigurationIsVisible = 0;
			defaultConfigurationName = Release;
		};
		D4E1F6DF1D794FCE00B5206A /* Build configuration list for PBXNativeTarget "DownloadTests" */ = {
			isa = XCConfigurationList;
			buildConfigurations = (
				D4E1F6E01D794FCE00B5206A /* Debug */,
				D4E1F6E11D794FCE00B5206A /* Release */,
			);
			defaultConfigurationIsVisible = 0;
			defaultConfigurationName = Release;
		};
		D4E1F6E21D794FCE00B5206A /* Build configuration list for PBXNativeTarget "DownloadUITests" */ = {
			isa = XCConfigurationList;
			buildConfigurations = (
				D4E1F6E31D794FCE00B5206A /* Debug */,
				D4E1F6E41D794FCE00B5206A /* Release */,
			);
			defaultConfigurationIsVisible = 0;
			defaultConfigurationName = Release;
		};
/* End XCConfigurationList section */
	};
	rootObject = D4E1F6A71D794FCE00B5206A /* Project object */;
}
